Microsoft Visual Studio Solution File, Format Version 12.00
# Visual Studio Version 16
VisualStudioVersion = 16.0.32126.315
MinimumVisualStudioVersion = 10.0.40219.1
Project("{9A19103F-16F7-4668-BE54-9A1E7A4F7556}") = "Square", "Square\Square.csproj", "{82B4B6DF-21D3-4A8F-B312-6BF246B62CC4}"
EndProject
Project("{9A19103F-16F7-4668-BE54-9A1E7A4F7556}") = "Square.Tests", "Square.Tests\Square.Tests.csproj", "{DD64CB10-426C-45E0-BFB2-4A32C3491D34}"
EndProject
Global
	GlobalSection(SolutionConfigurationPlatforms) = preSolution
		Debug|Any CPU = Debug|Any CPU
		Release|Any CPU = Release|Any CPU
	EndGlobalSection
	GlobalSection(ProjectConfigurationPlatforms) = postSolution
		{82B4B6DF-21D3-4A8F-B312-6BF246B62CC4}.Debug|Any CPU.ActiveCfg = Debug|Any CPU
		{82B4B6DF-21D3-4A8F-B312-6BF246B62CC4}.Debug|Any CPU.Build.0 = Debug|Any CPU
		{82B4B6DF-21D3-4A8F-B312-6BF246B62CC4}.Release|Any CPU.ActiveCfg = Release|Any CPU
		{82B4B6DF-21D3-4A8F-B312-6BF246B62CC4}.Release|Any CPU.Build.0 = Release|Any CPU
		{DD64CB10-426C-45E0-BFB2-4A32C3491D34}.Debug|Any CPU.ActiveCfg = Debug|Any CPU
		{DD64CB10-426C-45E0-BFB2-4A32C3491D34}.Debug|Any CPU.Build.0 = Debug|Any CPU
		{DD64CB10-426C-45E0-BFB2-4A32C3491D34}.Release|Any CPU.ActiveCfg = Release|Any CPU
		{DD64CB10-426C-45E0-BFB2-4A32C3491D34}.Release|Any CPU.Build.0 = Release|Any CPU
	EndGlobalSection
	GlobalSection(SolutionProperties) = preSolution
		HideSolutionNode = FALSE
	EndGlobalSection
	GlobalSection(ExtensibilityGlobals) = postSolution
		SolutionGuid = {779924BB-D58C-4CE4-B485-3D0BFAD1A994}
	EndGlobalSection
EndGlobal
